
Microsoft Visual Studio Solution File, Format Version 12.00
# Visual Studio Version 16
VisualStudioVersion = 16.0.31911.196
MinimumVisualStudioVersion = 10.0.40219.1
Project("{FAE04EC0-301F-11D3-BF4B-00C04F79EFBC}") = "BST_lib", "BST_lib.csproj", "{6ED8A4C9-509C-447B-ACF3-4A98A4947BFC}"
EndProject
Project("{FAE04EC0-301F-11D3-BF4B-00C04F79EFBC}") = "BST_libTests", "..\BST_libTests\BST_libTests.csproj", "{6EB3D00F-BB56-48A7-BB51-99DFF2D5417B}"
EndProject
Global
	GlobalSection(SolutionConfigurationPlatforms) = preSolution
		Debug|Any CPU = Debug|Any CPU
		Release|Any CPU = Release|Any CPU
	EndGlobalSection
	GlobalSection(ProjectConfigurationPlatforms) = postSolution
		{6ED8A4C9-509C-447B-ACF3-4A98A4947BFC}.Debug|Any CPU.ActiveCfg = Debug|Any CPU
		{6ED8A4C9-509C-447B-ACF3-4A98A4947BFC}.Debug|Any CPU.Build.0 = Debug|Any CPU
		{6ED8A4C9-509C-447B-ACF3-4A98A4947BFC}.Release|Any CPU.ActiveCfg = Release|Any CPU
		{6ED8A4C9-509C-447B-ACF3-4A98A4947BFC}.Release|Any CPU.Build.0 = Release|Any CPU
		{6EB3D00F-BB56-48A7-BB51-99DFF2D5417B}.Debug|Any CPU.ActiveCfg = Debug|Any CPU
		{6EB3D00F-BB56-48A7-BB51-99DFF2D5417B}.Debug|Any CPU.Build.0 = Debug|Any CPU
		{6EB3D00F-BB56-48A7-BB51-99DFF2D5417B}.Release|Any CPU.ActiveCfg = Release|Any CPU
		{6EB3D00F-BB56-48A7-BB51-99DFF2D5417B}.Release|Any CPU.Build.0 = Release|Any CPU
	EndGlobalSection
	GlobalSection(SolutionProperties) = preSolution
		HideSolutionNode = FALSE
	EndGlobalSection
	GlobalSection(ExtensibilityGlobals) = postSolution
		SolutionGuid = {E4ADBD71-6375-46CC-ABC5-5D185556105F}
	EndGlobalSection
EndGlobal
